// !$*UTF8*$!
{
 archiveVersion = 1;
 classes = {};
 objectVersion = 56;
 objects = {
 A00000000000000000000030 = {isa = PBXFileReference; lastKnownFileType = sourcecode.swift; path = KeychainDiagnostic.swift; sourceTree = "<group>"; };
 A00000000000000000000031 = {isa = PBXBuildFile; fileRef = A00000000000000000000030; };
 A00000000000000000000001 = {isa = PBXProject; attributes = {LastUpgradeCheck = 2700;}; buildConfigurationList = A00000000000000000000002; compatibilityVersion = "Xcode 14.0"; developmentRegion = "zh-Hans"; knownRegions = ("zh-Hans", en, Base); mainGroup = A00000000000000000000003; productRefGroup = A00000000000000000000004; projectDirPath = ""; projectRoot = ""; targets = (A00000000000000000000005); packageReferences = (A00000000000000000000010); };
 A00000000000000000000002 = {isa = XCConfigurationList; buildConfigurations = (A00000000000000000000020, A00000000000000000000021); defaultConfigurationIsVisible = 0; defaultConfigurationName = Release; };
 A00000000000000000000003 = {isa = PBXGroup; children = (A00000000000000000000030, A00000000000000000000006, A00000000000000000000004); sourceTree = "<group>"; };
 A00000000000000000000004 = {isa = PBXGroup; children = (A00000000000000000000007); name = Products; sourceTree = "<group>"; };
 A00000000000000000000005 = {isa = PBXNativeTarget; buildConfigurationList = A00000000000000000000008; buildPhases = (A00000000000000000000009, A0000000000000000000000A, A0000000000000000000000B); buildRules = (); dependencies = (); name = MarketDecision; productName = MarketDecision; productReference = A00000000000000000000007; productType = "com.apple.product-type.application"; packageProductDependencies = (A00000000000000000000011); };
 A00000000000000000000006 = {isa = PBXFileReference; lastKnownFileType = sourcecode.swift; path = MarketDecisionApp.swift; sourceTree = "<group>"; };
 A00000000000000000000007 = {isa = PBXFileReference; explicitFileType = wrapper.application; path = MarketDecision.app; sourceTree = BUILT_PRODUCTS_DIR; };
 A00000000000000000000008 = {isa = XCConfigurationList; buildConfigurations = (A00000000000000000000022, A00000000000000000000023); defaultConfigurationIsVisible = 0; defaultConfigurationName = Release; };
 A00000000000000000000009 = {isa = PBXSourcesBuildPhase; buildActionMask = 2147483647; files = (A0000000000000000000000C, A00000000000000000000031); runOnlyForDeploymentPostprocessing = 0; };
 A0000000000000000000000A = {isa = PBXFrameworksBuildPhase; buildActionMask = 2147483647; files = (A0000000000000000000000D); runOnlyForDeploymentPostprocessing = 0; };
 A0000000000000000000000B = {isa = PBXResourcesBuildPhase; buildActionMask = 2147483647; files = (); runOnlyForDeploymentPostprocessing = 0; };
 A0000000000000000000000C = {isa = PBXBuildFile; fileRef = A00000000000000000000006; };
 A0000000000000000000000D = {isa = PBXBuildFile; productRef = A00000000000000000000011; };
 A00000000000000000000010 = {isa = XCLocalSwiftPackageReference; relativePath = ..; };
 A00000000000000000000011 = {isa = XCSwiftPackageProductDependency; productName = MarketDecisionFoundation; };
 A00000000000000000000020 = {isa = XCBuildConfiguration; buildSettings = {MACOSX_DEPLOYMENT_TARGET = 15.0; SDKROOT = macosx; ALWAYS_SEARCH_USER_PATHS = NO; SWIFT_VERSION = 6.0; SWIFT_STRICT_CONCURRENCY = complete; }; name = Debug; };
 A00000000000000000000021 = {isa = XCBuildConfiguration; buildSettings = {MACOSX_DEPLOYMENT_TARGET = 15.0; SDKROOT = macosx; ALWAYS_SEARCH_USER_PATHS = NO; SWIFT_VERSION = 6.0; SWIFT_STRICT_CONCURRENCY = complete; }; name = Release; };
 A00000000000000000000022 = {isa = XCBuildConfiguration; buildSettings = {PRODUCT_BUNDLE_IDENTIFIER = local.marketdecision.development; PRODUCT_NAME = "$(TARGET_NAME)"; GENERATE_INFOPLIST_FILE = YES; INFOPLIST_KEY_CFBundleDisplayName = MarketDecision; INFOPLIST_KEY_LSApplicationCategoryType = "public.app-category.finance"; CODE_SIGN_ENTITLEMENTS = MarketDecision.entitlements; CODE_SIGN_IDENTITY = "-"; CODE_SIGN_STYLE = Manual; CURRENT_PROJECT_VERSION = 1; MARKETING_VERSION = 0.1.0; SWIFT_OPTIMIZATION_LEVEL = "-Onone"; SWIFT_ACTIVE_COMPILATION_CONDITIONS = DEBUG; ONLY_ACTIVE_ARCH = YES; ENABLE_HARDENED_RUNTIME = YES; }; name = Debug; };
 A00000000000000000000023 = {isa = XCBuildConfiguration; buildSettings = {PRODUCT_BUNDLE_IDENTIFIER = local.marketdecision.development; PRODUCT_NAME = "$(TARGET_NAME)"; GENERATE_INFOPLIST_FILE = YES; INFOPLIST_KEY_CFBundleDisplayName = MarketDecision; INFOPLIST_KEY_LSApplicationCategoryType = "public.app-category.finance"; CODE_SIGN_ENTITLEMENTS = MarketDecision.entitlements; CODE_SIGN_IDENTITY = "-"; CODE_SIGN_STYLE = Manual; CURRENT_PROJECT_VERSION = 1; MARKETING_VERSION = 0.1.0; SWIFT_OPTIMIZATION_LEVEL = "-O"; CODE_SIGN_INJECT_BASE_ENTITLEMENTS = NO; ENABLE_HARDENED_RUNTIME = YES; }; name = Release; };
 };
 rootObject = A00000000000000000000001;
}
